
Microsoft Visual Studio Solution File, Format Version 12.00
# Visual Studio 14
VisualStudioVersion = 14.0.25420.1
MinimumVisualStudioVersion = 10.0.40219.1
Project("{FAE04EC0-301F-11D3-BF4B-00C04F79EFBC}") = "AptekaNaWesolo", "AptekaNaWesolo\AptekaNaWesolo.csproj", "{BC913DF6-4F8D-4165-9298-84F2641ACB5D}"
EndProject
Global
	GlobalSection(SolutionConfigurationPlatforms) = preSolution
		Debug|Any CPU = Debug|Any CPU
		Release|Any CPU = Release|Any CPU
	EndGlobalSection
	GlobalSection(ProjectConfigurationPlatforms) = postSolution
		{BC913DF6-4F8D-4165-9298-84F2641ACB5D}.Debug|Any CPU.ActiveCfg = Debug|Any CPU
		{BC913DF6-4F8D-4165-9298-84F2641ACB5D}.Debug|Any CPU.Build.0 = Debug|Any CPU
		{BC913DF6-4F8D-4165-9298-84F2641ACB5D}.Release|Any CPU.ActiveCfg = Release|Any CPU
		{BC913DF6-4F8D-4165-9298-84F2641ACB5D}.Release|Any CPU.Build.0 = Release|Any CPU
	EndGlobalSection
	GlobalSection(SolutionProperties) = preSolution
		HideSolutionNode = FALSE
	EndGlobalSection
EndGlobal
